{
    "_readme": [
        "This file locks the dependencies of your project to a known state",
        "Read more about it at https://getcomposer.org/doc/01-basic-usage.md#composer-lock-the-lock-file",
        "This file is @generated automatically"
    ],
    "hash": "dc6f918e9d143c42cf9766d970e39413",
    "content-hash": "eac14eea3f515db30a49264ca17ebb02",
    "packages": [],
    "packages-dev": [
        {
            "name": "jdgrimes/wp-plugin-uninstall-tester",
            "version": "0.6.0",
            "source": {
                "type": "git",
                "url": "https://github.com/JDGrimes/wp-plugin-uninstall-tester.git",
                "reference": "99e9c16ded11150f21a7a78a472997c2a0c59fb2"
            },
            "dist": {
                "type": "zip",
                "url": "https://api.github.com/repos/JDGrimes/wp-plugin-uninstall-tester/zipball/99e9c16ded11150f21a7a78a472997c2a0c59fb2",
                "reference": "99e9c16ded11150f21a7a78a472997c2a0c59fb2",
                "shasum": ""
            },
            "require": {
                "php": ">=5.2.0"
            },
            "type": "library",
            "notification-url": "https://packagist.org/downloads/",
            "license": [
                "MIT"
            ],
            "authors": [
                {
                    "name": "J.D. Grimes",
                    "email": "jdg@codesymphony.co",
                    "homepage": "http://codesymphony.co",
                    "role": "Developer"
                }
            ],
            "description": "Utilities for testing WordPress plugin install/uninstall with PHPUnit",
            "homepage": "https://github.com/JDGrimes/wp-plugin-uninstall-tester",
            "time": "2016-06-30 19:28:49"
        },
        {
            "name": "wordpoints/module-uninstall-tester",
            "version": "0.4.0",
            "source": {
                "type": "git",
                "url": "https://github.com/WordPoints/module-uninstall-tester.git",
                "reference": "3702d007ff7d2f8d0ad62a41de7e1e4dbaeab5c4"
            },
            "dist": {
                "type": "zip",
                "url": "https://api.github.com/repos/WordPoints/module-uninstall-tester/zipball/3702d007ff7d2f8d0ad62a41de7e1e4dbaeab5c4",
                "reference": "3702d007ff7d2f8d0ad62a41de7e1e4dbaeab5c4",
                "shasum": ""
            },
            "require": {
                "jdgrimes/wp-plugin-uninstall-tester": "^0.6",
                "php": ">=5.2.0"
            },
            "type": "library",
            "notification-url": "https://packagist.org/downloads/",
            "license": [
                "MIT"
            ],
            "authors": [
                {
                    "name": "J.D. Grimes",
                    "email": "jdg@codesymphony.co",
                    "homepage": "http://codesymphony.co",
                    "role": "Developer"
                }
            ],
            "description": "Utilities for testing WordPoints module install/uninstall with PHPUnit",
            "homepage": "https://github.com/WordPoints/wordpoints-module-uninstall-tester",
            "time": "2016-07-27 20:28:04"
        }
    ],
    "aliases": [],
    "minimum-stability": "stable",
    "stability-flags": [],
    "prefer-stable": false,
    "prefer-lowest": false,
    "platform": {
        "php": ">=5.2.0"
    },
    "platform-dev": []
}
